
Microsoft Visual Studio Solution File, Format Version 12.00
# Visual Studio Version 16
VisualStudioVersion = 16.0.31005.135
MinimumVisualStudioVersion = 10.0.40219.1
Project("{FAE04EC0-301F-11D3-BF4B-00C04F79EFBC}") = "Lesson5_1", "Lesson5\Lesson5_1.csproj", "{FD397B06-38EC-4F7B-AF0C-3F03F68DDFF4}"
EndProject
Project("{FAE04EC0-301F-11D3-BF4B-00C04F79EFBC}") = "Lesson5_2", "Lesson5_2\Lesson5_2.csproj", "{F069E3C2-101F-40BC-A27D-9AC69986566D}"
EndProject
Project("{FAE04EC0-301F-11D3-BF4B-00C04F79EFBC}") = "Lesson5_3", "Lesson5_3\Lesson5_3.csproj", "{F56FA583-7C69-4897-BACE-7FC75E9E5A49}"
EndProject
Global
	GlobalSection(SolutionConfigurationPlatforms) = preSolution
		Debug|Any CPU = Debug|Any CPU
		Release|Any CPU = Release|Any CPU
	EndGlobalSection
	GlobalSection(ProjectConfigurationPlatforms) = postSolution
		{FD397B06-38EC-4F7B-AF0C-3F03F68DDFF4}.Debug|Any CPU.ActiveCfg = Debug|Any CPU
		{FD397B06-38EC-4F7B-AF0C-3F03F68DDFF4}.Debug|Any CPU.Build.0 = Debug|Any CPU
		{FD397B06-38EC-4F7B-AF0C-3F03F68DDFF4}.Release|Any CPU.ActiveCfg = Release|Any CPU
		{FD397B06-38EC-4F7B-AF0C-3F03F68DDFF4}.Release|Any CPU.Build.0 = Release|Any CPU
		{F069E3C2-101F-40BC-A27D-9AC69986566D}.Debug|Any CPU.ActiveCfg = Debug|Any CPU
		{F069E3C2-101F-40BC-A27D-9AC69986566D}.Debug|Any CPU.Build.0 = Debug|Any CPU
		{F069E3C2-101F-40BC-A27D-9AC69986566D}.Release|Any CPU.ActiveCfg = Release|Any CPU
		{F069E3C2-101F-40BC-A27D-9AC69986566D}.Release|Any CPU.Build.0 = Release|Any CPU
		{F56FA583-7C69-4897-BACE-7FC75E9E5A49}.Debug|Any CPU.ActiveCfg = Debug|Any CPU
		{F56FA583-7C69-4897-BACE-7FC75E9E5A49}.Debug|Any CPU.Build.0 = Debug|Any CPU
		{F56FA583-7C69-4897-BACE-7FC75E9E5A49}.Release|Any CPU.ActiveCfg = Release|Any CPU
		{F56FA583-7C69-4897-BACE-7FC75E9E5A49}.Release|Any CPU.Build.0 = Release|Any CPU
	EndGlobalSection
	GlobalSection(SolutionProperties) = preSolution
		HideSolutionNode = FALSE
	EndGlobalSection
	GlobalSection(ExtensibilityGlobals) = postSolution
		SolutionGuid = {331086A8-103E-4DE8-A591-3F914DA85CFD}
	EndGlobalSection
EndGlobal
